// !$*UTF8*$!
{
	archiveVersion = 1;
	classes = {
	};
	objectVersion = 55;
	objects = {

/* Begin PBXBuildFile section */
		161927DB28069EA600F476A5 /* CustomDatePicker.swift in Sources */ = {isa = PBXBuildFile; fileRef = 161927DA28069EA600F476A5 /* CustomDatePicker.swift */; };
		161927DD2806A24300F476A5 /* DateValue.swift in Sources */ = {isa = PBXBuildFile; fileRef = 161927DC2806A24300F476A5 /* DateValue.swift */; };
		1687AC5D28056A43009F661B /* MoneyManagerApp.swift in Sources */ = {isa = PBXBuildFile; fileRef = 1687AC5C28056A43009F661B /* MoneyManagerApp.swift */; };
		1687AC5F28056A43009F661B /* ContentView.swift in Sources */ = {isa = PBXBuildFile; fileRef = 1687AC5E28056A43009F661B /* ContentView.swift */; };
		1687AC6128056A45009F661B /* Assets.xcassets in Resources */ = {isa = PBXBuildFile; fileRef = 1687AC6028056A45009F661B /* Assets.xcassets */; };
		1687AC6428056A45009F661B /* Preview Assets.xcassets in Resources */ = {isa = PBXBuildFile; fileRef = 1687AC6328056A45009F661B /* Preview Assets.xcassets */; };
		1687AC6E28056A45009F661B /* MoneyManagerTests.swift in Sources */ = {isa = PBXBuildFile; fileRef = 1687AC6D28056A45009F661B /* MoneyManagerTests.swift */; };
		1687AC7828056A45009F661B /* MoneyManagerUITests.swift in Sources */ = {isa = PBXBuildFile; fileRef = 1687AC7728056A45009F661B /* MoneyManagerUITests.swift */; };
		1687AC7A28056A45009F661B /* MoneyManagerUITestsLaunchTests.swift in Sources */ = {isa = PBXBuildFile; fileRef = 1687AC7928056A45009F661B /* MoneyManagerUITestsLaunchTests.swift */; };
		168DECE928056BE8003EB831 /* Home.swift in Sources */ = {isa = PBXBuildFile; fileRef = 168DECE828056BE8003EB831 /* Home.swift */; };
		16F8ABC7280EA0FE002E89D2 /* MoreView.swift in Sources */ = {isa = PBXBuildFile; fileRef = 16F8ABC6280EA0FE002E89D2 /* MoreView.swift */; };
		16F8ABC9280EA12D002E89D2 /* StatisticsView.swift in Sources */ = {isa = PBXBuildFile; fileRef = 16F8ABC8280EA12D002E89D2 /* StatisticsView.swift */; };
		16F8ABCB280EA145002E89D2 /* InputView.swift in Sources */ = {isa = PBXBuildFile; fileRef = 16F8ABCA280EA145002E89D2 /* InputView.swift */; };
		16F8ABCD280EA159002E89D2 /* CalendarView.swift in Sources */ = {isa = PBXBuildFile; fileRef = 16F8ABCC280EA159002E89D2 /* CalendarView.swift */; };
		16F8ABD2280EA3DB002E89D2 /* Theme.swift in Sources */ = {isa = PBXBuildFile; fileRef = 16F8ABD1280EA3DB002E89D2 /* Theme.swift */; };
/* End PBXBuildFile section */

/* Begin PBXContainerItemProxy section */
		1687AC6A28056A45009F661B /* PBXContainerItemProxy */ = {
			isa = PBXContainerItemProxy;
			containerPortal = 1687AC5128056A43009F661B /* Project object */;
			proxyType = 1;
			remoteGlobalIDString = 1687AC5828056A43009F661B;
			remoteInfo = MoneyManager;
		};
		1687AC7428056A45009F661B /* PBXContainerItemProxy */ = {
			isa = PBXContainerItemProxy;
			containerPortal = 1687AC5128056A43009F661B /* Project object */;
			proxyType = 1;
			remoteGlobalIDString = 1687AC5828056A43009F661B;
			remoteInfo = MoneyManager;
		};
/* End PBXContainerItemProxy section */

/* Begin PBXFileReference section */
		161927DA28069EA600F476A5 /* CustomDatePicker.swift */ = {isa = PBXFileReference; lastKnownFileType = sourcecode.swift; path = CustomDatePicker.swift; sourceTree = "<group>"; };
		161927DC2806A24300F476A5 /* DateValue.swift */ = {isa = PBXFileReference; lastKnownFileType = sourcecode.swift; path = DateValue.swift; sourceTree = "<group>"; };
		1687AC5928056A43009F661B /* MoneyManager.app */ = {isa = PBXFileReference; explicitFileType = wrapper.application; includeInIndex = 0; path = MoneyManager.app; sourceTree = BUILT_PRODUCTS_DIR; };
		1687AC5C28056A43009F661B /* MoneyManagerApp.swift */ = {isa = PBXFileReference; lastKnownFileType = sourcecode.swift; path = MoneyManagerApp.swift; sourceTree = "<group>"; };
		1687AC5E28056A43009F661B /* ContentView.swift */ = {isa = PBXFileReference; lastKnownFileType = sourcecode.swift; path = ContentView.swift; sourceTree = "<group>"; };
		1687AC6028056A45009F661B /* Assets.xcassets */ = {isa = PBXFileReference; lastKnownFileType = folder.assetcatalog; path = Assets.xcassets; sourceTree = "<group>"; };
		1687AC6328056A45009F661B /* Preview Assets.xcassets */ = {isa = PBXFileReference; lastKnownFileType = folder.assetcatalog; path = "Preview Assets.xcassets"; sourceTree = "<group>"; };
		1687AC6928056A45009F661B /* MoneyManagerTests.xctest */ = {isa = PBXFileReference; explicitFileType = wrapper.cfbundle; includeInIndex = 0; path = MoneyManagerTests.xctest; sourceTree = BUILT_PRODUCTS_DIR; };
		1687AC6D28056A45009F661B /* MoneyManagerTests.swift */ = {isa = PBXFileReference; lastKnownFileType = sourcecode.swift; path = MoneyManagerTests.swift; sourceTree = "<group>"; };
		1687AC7328056A45009F661B /* MoneyManagerUITests.xctest */ = {isa = PBXFileReference; explicitFileType = wrapper.cfbundle; includeInIndex = 0; path = MoneyManagerUITests.xctest; sourceTree = BUILT_PRODUCTS_DIR; };
		1687AC7728056A45009F661B /* MoneyManagerUITests.swift */ = {isa = PBXFileReference; lastKnownFileType = sourcecode.swift; path = MoneyManagerUITests.swift; sourceTree = "<group>"; };
		1687AC7928056A45009F661B /* MoneyManagerUITestsLaunchTests.swift */ = {isa = PBXFileReference; lastKnownFileType = sourcecode.swift; path = MoneyManagerUITestsLaunchTests.swift; sourceTree = "<group>"; };
		168DECE828056BE8003EB831 /* Home.swift */ = {isa = PBXFileReference; lastKnownFileType = sourcecode.swift; path = Home.swift; sourceTree = "<group>"; };
		16F8ABC6280EA0FE002E89D2 /* MoreView.swift */ = {isa = PBXFileReference; lastKnownFileType = sourcecode.swift; path = MoreView.swift; sourceTree = "<group>"; };
		16F8ABC8280EA12D002E89D2 /* StatisticsView.swift */ = {isa = PBXFileReference; lastKnownFileType = sourcecode.swift; path = StatisticsView.swift; sourceTree = "<group>"; };
		16F8ABCA280EA145002E89D2 /* InputView.swift */ = {isa = PBXFileReference; lastKnownFileType = sourcecode.swift; path = InputView.swift; sourceTree = "<group>"; };
		16F8ABCC280EA159002E89D2 /* CalendarView.swift */ = {isa = PBXFileReference; lastKnownFileType = sourcecode.swift; path = CalendarView.swift; sourceTree = "<group>"; };
		16F8ABD1280EA3DB002E89D2 /* Theme.swift */ = {isa = PBXFileReference; fileEncoding = 4; lastKnownFileType = sourcecode.swift; path = Theme.swift; sourceTree = "<group>"; };
/* End PBXFileReference section */

/* Begin PBXFrameworksBuildPhase section */
		1687AC5628056A43009F661B /* Frameworks */ = {
			isa = PBXFrameworksBuildPhase;
			buildActionMask = 2147483647;
			files = (
			);
			runOnlyForDeploymentPostprocessing = 0;
		};
		1687AC6628056A45009F661B /* Frameworks */ = {
			isa = PBXFrameworksBuildPhase;
			buildActionMask = 2147483647;
			files = (
			);
			runOnlyForDeploymentPostprocessing = 0;
		};
		1687AC7028056A45009F661B /* Frameworks */ = {
			isa = PBXFrameworksBuildPhase;
			buildActionMask = 2147483647;
			files = (
			);
			runOnlyForDeploymentPostprocessing = 0;
		};
/* End PBXFrameworksBuildPhase section */

/* Begin PBXGroup section */
		1687AC5028056A43009F661B = {
			isa = PBXGroup;
			children = (
				1687AC5B28056A43009F661B /* MoneyManager */,
				1687AC6C28056A45009F661B /* MoneyManagerTests */,
				1687AC7628056A45009F661B /* MoneyManagerUITests */,
				1687AC5A28056A43009F661B /* Products */,
			);
			sourceTree = "<group>";
		};
		1687AC5A28056A43009F661B /* Products */ = {
			isa = PBXGroup;
			children = (
				1687AC5928056A43009F661B /* MoneyManager.app */,
				1687AC6928056A45009F661B /* MoneyManagerTests.xctest */,
				1687AC7328056A45009F661B /* MoneyManagerUITests.xctest */,
			);
			name = Products;
			sourceTree = "<group>";
		};
		1687AC5B28056A43009F661B /* MoneyManager */ = {
			isa = PBXGroup;
			children = (
				168DECE728056BBD003EB831 /* Model */,
				168DECE628056BAF003EB831 /* View */,
				1687AC5C28056A43009F661B /* MoneyManagerApp.swift */,
				1687AC5E28056A43009F661B /* ContentView.swift */,
				1687AC6028056A45009F661B /* Assets.xcassets */,
				1687AC6228056A45009F661B /* Preview Content */,
			);
			path = MoneyManager;
			sourceTree = "<group>";
		};
		1687AC6228056A45009F661B /* Preview Content */ = {
			isa = PBXGroup;
			children = (
				1687AC6328056A45009F661B /* Preview Assets.xcassets */,
			);
			path = "Preview Content";
			sourceTree = "<group>";
		};
		1687AC6C28056A45009F661B /* MoneyManagerTests */ = {
			isa = PBXGroup;
			children = (
				1687AC6D28056A45009F661B /* MoneyManagerTests.swift */,
			);
			path = MoneyManagerTests;
			sourceTree = "<group>";
		};
		1687AC7628056A45009F661B /* MoneyManagerUITests */ = {
			isa = PBXGroup;
			children = (
				1687AC7728056A45009F661B /* MoneyManagerUITests.swift */,
				1687AC7928056A45009F661B /* MoneyManagerUITestsLaunchTests.swift */,
			);
			path = MoneyManagerUITests;
			sourceTree = "<group>";
		};
		168DECE628056BAF003EB831 /* View */ = {
			isa = PBXGroup;
			children = (
				16F8ABCE280EA1A4002E89D2 /* Theme */,
				16F8ABC5280EA0EF002E89D2 /* More */,
				16F8ABC4280EA0E4002E89D2 /* Statistics */,
				16F8ABC3280EA0DC002E89D2 /* Input */,
				16F8ABC2280EA0CC002E89D2 /* Calendar */,
				168DECE828056BE8003EB831 /* Home.swift */,
				161927DA28069EA600F476A5 /* CustomDatePicker.swift */,
			);
			path = View;
			sourceTree = "<group>";
		};
		168DECE728056BBD003EB831 /* Model */ = {
			isa = PBXGroup;
			children = (
				161927DC2806A24300F476A5 /* DateValue.swift */,
			);
			path = Model;
			sourceTree = "<group>";
		};
		16F8ABC2280EA0CC002E89D2 /* Calendar */ = {
			isa = PBXGroup;
			children = (
				16F8ABCC280EA159002E89D2 /* CalendarView.swift */,
			);
			path = Calendar;
			sourceTree = "<group>";
		};
		16F8ABC3280EA0DC002E89D2 /* Input */ = {
			isa = PBXGroup;
			children = (
				16F8ABCA280EA145002E89D2 /* InputView.swift */,
			);
			path = Input;
			sourceTree = "<group>";
		};
		16F8ABC4280EA0E4002E89D2 /* Statistics */ = {
			isa = PBXGroup;
			children = (
				16F8ABC8280EA12D002E89D2 /* StatisticsView.swift */,
			);
			path = Statistics;
			sourceTree = "<group>";
		};
		16F8ABC5280EA0EF002E89D2 /* More */ = {
			isa = PBXGroup;
			children = (
				16F8ABC6280EA0FE002E89D2 /* MoreView.swift */,
			);
			path = More;
			sourceTree = "<group>";
		};
		16F8ABCE280EA1A4002E89D2 /* Theme */ = {
			isa = PBXGroup;
			children = (
				16F8ABD1280EA3DB002E89D2 /* Theme.swift */,
			);
			path = Theme;
			sourceTree = "<group>";
		};
/* End PBXGroup section */

/* Begin PBXNativeTarget section */
		1687AC5828056A43009F661B /* MoneyManager */ = {
			isa = PBXNativeTarget;
			buildConfigurationList = 1687AC7D28056A45009F661B /* Build configuration list for PBXNativeTarget "MoneyManager" */;
			buildPhases = (
				1687AC5528056A43009F661B /* Sources */,
				1687AC5628056A43009F661B /* Frameworks */,
				1687AC5728056A43009F661B /* Resources */,
			);
			buildRules = (
			);
			dependencies = (
			);
			name = MoneyManager;
			productName = MoneyManager;
			productReference = 1687AC5928056A43009F661B /* MoneyManager.app */;
			productType = "com.apple.product-type.application";
		};
		1687AC6828056A45009F661B /* MoneyManagerTests */ = {
			isa = PBXNativeTarget;
			buildConfigurationList = 1687AC8028056A45009F661B /* Build configuration list for PBXNativeTarget "MoneyManagerTests" */;
			buildPhases = (
				1687AC6528056A45009F661B /* Sources */,
				1687AC6628056A45009F661B /* Frameworks */,
				1687AC6728056A45009F661B /* Resources */,
			);
			buildRules = (
			);
			dependencies = (
				1687AC6B28056A45009F661B /* PBXTargetDependency */,
			);
			name = MoneyManagerTests;
			productName = MoneyManagerTests;
			productReference = 1687AC6928056A45009F661B /* MoneyManagerTests.xctest */;
			productType = "com.apple.product-type.bundle.unit-test";
		};
		1687AC7228056A45009F661B /* MoneyManagerUITests */ = {
			isa = PBXNativeTarget;
			buildConfigurationList = 1687AC8328056A45009F661B /* Build configuration list for PBXNativeTarget "MoneyManagerUITests" */;
			buildPhases = (
				1687AC6F28056A45009F661B /* Sources */,
				1687AC7028056A45009F661B /* Frameworks */,
				1687AC7128056A45009F661B /* Resources */,
			);
			buildRules = (
			);
			dependencies = (
				1687AC7528056A45009F661B /* PBXTargetDependency */,
			);
			name = MoneyManagerUITests;
			productName = MoneyManagerUITests;
			productReference = 1687AC7328056A45009F661B /* MoneyManagerUITests.xctest */;
			productType = "com.apple.product-type.bundle.ui-testing";
		};
/* End PBXNativeTarget section */

/* Begin PBXProject section */
		1687AC5128056A43009F661B /* Project object */ = {
			isa = PBXProject;
			attributes = {
				BuildIndependentTargetsInParallel = 1;
				LastSwiftUpdateCheck = 1330;
				LastUpgradeCheck = 1330;
				TargetAttributes = {
					1687AC5828056A43009F661B = {
						CreatedOnToolsVersion = 13.3;
					};
					1687AC6828056A45009F661B = {
						CreatedOnToolsVersion = 13.3;
						TestTargetID = 1687AC5828056A43009F661B;
					};
					1687AC7228056A45009F661B = {
						CreatedOnToolsVersion = 13.3;
						TestTargetID = 1687AC5828056A43009F661B;
					};
				};
			};
			buildConfigurationList = 1687AC5428056A43009F661B /* Build configuration list for PBXProject "MoneyManager" */;
			compatibilityVersion = "Xcode 13.0";
			developmentRegion = en;
			hasScannedForEncodings = 0;
			knownRegions = (
				en,
				Base,
			);
			mainGroup = 1687AC5028056A43009F661B;
			productRefGroup = 1687AC5A28056A43009F661B /* Products */;
			projectDirPath = "";
			projectRoot = "";
			targets = (
				1687AC5828056A43009F661B /* MoneyManager */,
				1687AC6828056A45009F661B /* MoneyManagerTests */,
				1687AC7228056A45009F661B /* MoneyManagerUITests */,
			);
		};
/* End PBXProject section */

/* Begin PBXResourcesBuildPhase section */
		1687AC5728056A43009F661B /* Resources */ = {
			isa = PBXResourcesBuildPhase;
			buildActionMask = 2147483647;
			files = (
				1687AC6428056A45009F661B /* Preview Assets.xcassets in Resources */,
				1687AC6128056A45009F661B /* Assets.xcassets in Resources */,
			);
			runOnlyForDeploymentPostprocessing = 0;
		};
		1687AC6728056A45009F661B /* Resources */ = {
			isa = PBXResourcesBuildPhase;
			buildActionMask = 2147483647;
			files = (
			);
			runOnlyForDeploymentPostprocessing = 0;
		};
		1687AC7128056A45009F661B /* Resources */ = {
			isa = PBXResourcesBuildPhase;
			buildActionMask = 2147483647;
			files = (
			);
			runOnlyForDeploymentPostprocessing = 0;
		};
/* End PBXResourcesBuildPhase section */

/* Begin PBXSourcesBuildPhase section */
		1687AC5528056A43009F661B /* Sources */ = {
			isa = PBXSourcesBuildPhase;
			buildActionMask = 2147483647;
			files = (
				161927DB28069EA600F476A5 /* CustomDatePicker.swift in Sources */,
				16F8ABC7280EA0FE002E89D2 /* MoreView.swift in Sources */,
				1687AC5F28056A43009F661B /* ContentView.swift in Sources */,
				16F8ABD2280EA3DB002E89D2 /* Theme.swift in Sources */,
				16F8ABC9280EA12D002E89D2 /* StatisticsView.swift in Sources */,
				168DECE928056BE8003EB831 /* Home.swift in Sources */,
				16F8ABCD280EA159002E89D2 /* CalendarView.swift in Sources */,
				16F8ABCB280EA145002E89D2 /* InputView.swift in Sources */,
				1687AC5D28056A43009F661B /* MoneyManagerApp.swift in Sources */,
				161927DD2806A24300F476A5 /* DateValue.swift in Sources */,
			);
			runOnlyForDeploymentPostprocessing = 0;
		};
		1687AC6528056A45009F661B /* Sources */ = {
			isa = PBXSourcesBuildPhase;
			buildActionMask = 2147483647;
			files = (
				1687AC6E28056A45009F661B /* MoneyManagerTests.swift in Sources */,
			);
			runOnlyForDeploymentPostprocessing = 0;
		};
		1687AC6F28056A45009F661B /* Sources */ = {
			isa = PBXSourcesBuildPhase;
			buildActionMask = 2147483647;
			files = (
				1687AC7828056A45009F661B /* MoneyManagerUITests.swift in Sources */,
				1687AC7A28056A45009F661B /* MoneyManagerUITestsLaunchTests.swift in Sources */,
			);
			runOnlyForDeploymentPostprocessing = 0;
		};
/* End PBXSourcesBuildPhase section */

/* Begin PBXTargetDependency section */
		1687AC6B28056A45009F661B /* PBXTargetDependency */ = {
			isa = PBXTargetDependency;
			target = 1687AC5828056A43009F661B /* MoneyManager */;
			targetProxy = 1687AC6A28056A45009F661B /* PBXContainerItemProxy */;
		};
		1687AC7528056A45009F661B /* PBXTargetDependency */ = {
			isa = PBXTargetDependency;
			target = 1687AC5828056A43009F661B /* MoneyManager */;
			targetProxy = 1687AC7428056A45009F661B /* PBXContainerItemProxy */;
		};
/* End PBXTargetDependency section */

/* Begin XCBuildConfiguration section */
		1687AC7B28056A45009F661B /* Debug */ = {
			isa = XCBuildConfiguration;
			buildSettings = {
				ALWAYS_SEARCH_USER_PATHS = NO;
				CLANG_ANALYZER_NONNULL = YES;
				CLANG_ANALYZER_NUMBER_OBJECT_CONVERSION = YES_AGGRESSIVE;
				CLANG_CXX_LANGUAGE_STANDARD = "gnu++17";
				CLANG_ENABLE_MODULES = YES;
				CLANG_ENABLE_OBJC_ARC = YES;
				CLANG_ENABLE_OBJC_WEAK = YES;
				CLANG_WARN_BLOCK_CAPTURE_AUTORELEASING = YES;
				CLANG_WARN_BOOL_CONVERSION = YES;
				CLANG_WARN_COMMA = YES;
				CLANG_WARN_CONSTANT_CONVERSION = YES;
				CLANG_WARN_DEPRECATED_OBJC_IMPLEMENTATIONS = YES;
				CLANG_WARN_DIRECT_OBJC_ISA_USAGE = YES_ERROR;
				CLANG_WARN_DOCUMENTATION_COMMENTS = YES;
				CLANG_WARN_EMPTY_BODY = YES;
				CLANG_WARN_ENUM_CONVERSION = YES;
				CLANG_WARN_INFINITE_RECURSION = YES;
				CLANG_WARN_INT_CONVERSION = YES;
				CLANG_WARN_NON_LITERAL_NULL_CONVERSION = YES;
				CLANG_WARN_OBJC_IMPLICIT_RETAIN_SELF = YES;
				CLANG_WARN_OBJC_LITERAL_CONVERSION = YES;
				CLANG_WARN_OBJC_ROOT_CLASS = YES_ERROR;
				CLANG_WARN_QUOTED_INCLUDE_IN_FRAMEWORK_HEADER = YES;
				CLANG_WARN_RANGE_LOOP_ANALYSIS = YES;
				CLANG_WARN_STRICT_PROTOTYPES = YES;
				CLANG_WARN_SUSPICIOUS_MOVE = YES;
				CLANG_WARN_UNGUARDED_AVAILABILITY = YES_AGGRESSIVE;
				CLANG_WARN_UNREACHABLE_CODE = YES;
				CLANG_WARN__DUPLICATE_METHOD_MATCH = YES;
				COPY_PHASE_STRIP = NO;
				DEBUG_INFORMATION_FORMAT = dwarf;
				ENABLE_STRICT_OBJC_MSGSEND = YES;
				ENABLE_TESTABILITY = YES;
				GCC_C_LANGUAGE_STANDARD = gnu11;
				GCC_DYNAMIC_NO_PIC = NO;
				GCC_NO_COMMON_BLOCKS = YES;
				GCC_OPTIMIZATION_LEVEL = 0;
				GCC_PREPROCESSOR_DEFINITIONS = (
					"DEBUG=1",
					"$(inherited)",
				);
				GCC_WARN_64_TO_32_BIT_CONVERSION = YES;
				GCC_WARN_ABOUT_RETURN_TYPE = YES_ERROR;
				GCC_WARN_UNDECLARED_SELECTOR = YES;
				GCC_WARN_UNINITIALIZED_AUTOS = YES_AGGRESSIVE;
				GCC_WARN_UNUSED_FUNCTION = YES;
				GCC_WARN_UNUSED_VARIABLE = YES;
				IPHONEOS_DEPLOYMENT_TARGET = 15.0;
				MTL_ENABLE_DEBUG_INFO = INCLUDE_SOURCE;
				MTL_FAST_MATH = YES;
				ONLY_ACTIVE_ARCH = YES;
				SDKROOT = iphoneos;
				SWIFT_ACTIVE_COMPILATION_CONDITIONS = DEBUG;
				SWIFT_OPTIMIZATION_LEVEL = "-Onone";
			};
			name = Debug;
		};
		1687AC7C28056A45009F661B /* Release */ = {
			isa = XCBuildConfiguration;
			buildSettings = {
				ALWAYS_SEARCH_USER_PATHS = NO;
				CLANG_ANALYZER_NONNULL = YES;
				CLANG_ANALYZER_NUMBER_OBJECT_CONVERSION = YES_AGGRESSIVE;
				CLANG_CXX_LANGUAGE_STANDARD = "gnu++17";
				CLANG_ENABLE_MODULES = YES;
				CLANG_ENABLE_OBJC_ARC = YES;
				CLANG_ENABLE_OBJC_WEAK = YES;
				CLANG_WARN_BLOCK_CAPTURE_AUTORELEASING = YES;
				CLANG_WARN_BOOL_CONVERSION = YES;
				CLANG_WARN_COMMA = YES;
				CLANG_WARN_CONSTANT_CONVERSION = YES;
				CLANG_WARN_DEPRECATED_OBJC_IMPLEMENTATIONS = YES;
				CLANG_WARN_DIRECT_OBJC_ISA_USAGE = YES_ERROR;
				CLANG_WARN_DOCUMENTATION_COMMENTS = YES;
				CLANG_WARN_EMPTY_BODY = YES;
				CLANG_WARN_ENUM_CONVERSION = YES;
				CLANG_WARN_INFINITE_RECURSION = YES;
				CLANG_WARN_INT_CONVERSION = YES;
				CLANG_WARN_NON_LITERAL_NULL_CONVERSION = YES;
				CLANG_WARN_OBJC_IMPLICIT_RETAIN_SELF = YES;
				CLANG_WARN_OBJC_LITERAL_CONVERSION = YES;
				CLANG_WARN_OBJC_ROOT_CLASS = YES_ERROR;
				CLANG_WARN_QUOTED_INCLUDE_IN_FRAMEWORK_HEADER = YES;
				CLANG_WARN_RANGE_LOOP_ANALYSIS = YES;
				CLANG_WARN_STRICT_PROTOTYPES = YES;
				CLANG_WARN_SUSPICIOUS_MOVE = YES;
				CLANG_WARN_UNGUARDED_AVAILABILITY = YES_AGGRESSIVE;
				CLANG_WARN_UNREACHABLE_CODE = YES;
				CLANG_WARN__DUPLICATE_METHOD_MATCH = YES;
				COPY_PHASE_STRIP = NO;
				DEBUG_INFORMATION_FORMAT = "dwarf-with-dsym";
				ENABLE_NS_ASSERTIONS = NO;
				ENABLE_STRICT_OBJC_MSGSEND = YES;
				GCC_C_LANGUAGE_STANDARD = gnu11;
				GCC_NO_COMMON_BLOCKS = YES;
				GCC_WARN_64_TO_32_BIT_CONVERSION = YES;
				GCC_WARN_ABOUT_RETURN_TYPE = YES_ERROR;
				GCC_WARN_UNDECLARED_SELECTOR = YES;
				GCC_WARN_UNINITIALIZED_AUTOS = YES_AGGRESSIVE;
				GCC_WARN_UNUSED_FUNCTION = YES;
				GCC_WARN_UNUSED_VARIABLE = YES;
				IPHONEOS_DEPLOYMENT_TARGET = 15.0;
				MTL_ENABLE_DEBUG_INFO = NO;
				MTL_FAST_MATH = YES;
				SDKROOT = iphoneos;
				SWIFT_COMPILATION_MODE = wholemodule;
				SWIFT_OPTIMIZATION_LEVEL = "-O";
				VALIDATE_PRODUCT = YES;
			};
			name = Release;
		};
		1687AC7E28056A45009F661B /* Debug */ = {
			isa = XCBuildConfiguration;
			buildSettings = {
				ASSETCATALOG_COMPILER_APPICON_NAME = AppIcon;
				ASSETCATALOG_COMPILER_GLOBAL_ACCENT_COLOR_NAME = AccentColor;
				CODE_SIGN_STYLE = Automatic;
				CURRENT_PROJECT_VERSION = 1;
				DEVELOPMENT_ASSET_PATHS = "\"MoneyManager/Preview Content\"";
				DEVELOPMENT_TEAM = FUM2R2D6FT;
				ENABLE_PREVIEWS = YES;
				GENERATE_INFOPLIST_FILE = YES;
				INFOPLIST_KEY_UIApplicationSceneManifest_Generation = YES;
				INFOPLIST_KEY_UIApplicationSupportsIndirectInputEvents = YES;
				INFOPLIST_KEY_UILaunchScreen_Generation = YES;
				INFOPLIST_KEY_UISupportedInterfaceOrientations_iPad = "UIInterfaceOrientationPortrait UIInterfaceOrientationPortraitUpsideDown UIInterfaceOrientationLandscapeLeft UIInterfaceOrientationLandscapeRight";
				INFOPLIST_KEY_UISupportedInterfaceOrientations_iPhone = "UIInterfaceOrientationPortrait UIInterfaceOrientationLandscapeLeft UIInterfaceOrientationLandscapeRight";
				LD_RUNPATH_SEARCH_PATHS = (
					"$(inherited)",
					"@executable_path/Frameworks",
				);
				MARKETING_VERSION = 1.0;
				PRODUCT_BUNDLE_IDENTIFIER = NamNguyen.MoneyManager;
				PRODUCT_NAME = "$(TARGET_NAME)";
				SWIFT_EMIT_LOC_STRINGS = YES;
				SWIFT_VERSION = 5.0;
				TARGETED_DEVICE_FAMILY = "1,2";
			};
			name = Debug;
		};
		1687AC7F28056A45009F661B /* Release */ = {
			isa = XCBuildConfiguration;
			buildSettings = {
				ASSETCATALOG_COMPILER_APPICON_NAME = AppIcon;
				ASSETCATALOG_COMPILER_GLOBAL_ACCENT_COLOR_NAME = AccentColor;
				CODE_SIGN_STYLE = Automatic;
				CURRENT_PROJECT_VERSION = 1;
				DEVELOPMENT_ASSET_PATHS = "\"MoneyManager/Preview Content\"";
				DEVELOPMENT_TEAM = FUM2R2D6FT;
				ENABLE_PREVIEWS = YES;
				GENERATE_INFOPLIST_FILE = YES;
				INFOPLIST_KEY_UIApplicationSceneManifest_Generation = YES;
				INFOPLIST_KEY_UIApplicationSupportsIndirectInputEvents = YES;
				INFOPLIST_KEY_UILaunchScreen_Generation = YES;
				INFOPLIST_KEY_UISupportedInterfaceOrientations_iPad = "UIInterfaceOrientationPortrait UIInterfaceOrientationPortraitUpsideDown UIInterfaceOrientationLandscapeLeft UIInterfaceOrientationLandscapeRight";
				INFOPLIST_KEY_UISupportedInterfaceOrientations_iPhone = "UIInterfaceOrientationPortrait UIInterfaceOrientationLandscapeLeft UIInterfaceOrientationLandscapeRight";
				LD_RUNPATH_SEARCH_PATHS = (
					"$(inherited)",
					"@executable_path/Frameworks",
				);
				MARKETING_VERSION = 1.0;
				PRODUCT_BUNDLE_IDENTIFIER = NamNguyen.MoneyManager;
				PRODUCT_NAME = "$(TARGET_NAME)";
				SWIFT_EMIT_LOC_STRINGS = YES;
				SWIFT_VERSION = 5.0;
				TARGETED_DEVICE_FAMILY = "1,2";
			};
			name = Release;
		};
		1687AC8128056A45009F661B /* Debug */ = {
			isa = XCBuildConfiguration;
			buildSettings = {
				ALWAYS_EMBED_SWIFT_STANDARD_LIBRARIES = YES;
				BUNDLE_LOADER = "$(TEST_HOST)";
				CODE_SIGN_STYLE = Automatic;
				CURRENT_PROJECT_VERSION = 1;
				GENERATE_INFOPLIST_FILE = YES;
				IPHONEOS_DEPLOYMENT_TARGET = 15.4;
				MARKETING_VERSION = 1.0;
				PRODUCT_BUNDLE_IDENTIFIER = NamNguyen.MoneyManagerTests;
				PRODUCT_NAME = "$(TARGET_NAME)";
				SWIFT_EMIT_LOC_STRINGS = NO;
				SWIFT_VERSION = 5.0;
				TARGETED_DEVICE_FAMILY = "1,2";
				TEST_HOST = "$(BUILT_PRODUCTS_DIR)/MoneyManager.app/MoneyManager";
			};
			name = Debug;
		};
		1687AC8228056A45009F661B /* Release */ = {
			isa = XCBuildConfiguration;
			buildSettings = {
				ALWAYS_EMBED_SWIFT_STANDARD_LIBRARIES = YES;
				BUNDLE_LOADER = "$(TEST_HOST)";
				CODE_SIGN_STYLE = Automatic;
				CURRENT_PROJECT_VERSION = 1;
				GENERATE_INFOPLIST_FILE = YES;
				IPHONEOS_DEPLOYMENT_TARGET = 15.4;
				MARKETING_VERSION = 1.0;
				PRODUCT_BUNDLE_IDENTIFIER = NamNguyen.MoneyManagerTests;
				PRODUCT_NAME = "$(TARGET_NAME)";
				SWIFT_EMIT_LOC_STRINGS = NO;
				SWIFT_VERSION = 5.0;
				TARGETED_DEVICE_FAMILY = "1,2";
				TEST_HOST = "$(BUILT_PRODUCTS_DIR)/MoneyManager.app/MoneyManager";
			};
			name = Release;
		};
		1687AC8428056A45009F661B /* Debug */ = {
			isa = XCBuildConfiguration;
			buildSettings = {
				ALWAYS_EMBED_SWIFT_STANDARD_LIBRARIES = YES;
				CODE_SIGN_STYLE = Automatic;
				CURRENT_PROJECT_VERSION = 1;
				GENERATE_INFOPLIST_FILE = YES;
				MARKETING_VERSION = 1.0;
				PRODUCT_BUNDLE_IDENTIFIER = NamNguyen.MoneyManagerUITests;
				PRODUCT_NAME = "$(TARGET_NAME)";
				SWIFT_EMIT_LOC_STRINGS = NO;
				SWIFT_VERSION = 5.0;
				TARGETED_DEVICE_FAMILY = "1,2";
				TEST_TARGET_NAME = MoneyManager;
			};
			name = Debug;
		};
		1687AC8528056A45009F661B /* Release */ = {
			isa = XCBuildConfiguration;
			buildSettings = {
				ALWAYS_EMBED_SWIFT_STANDARD_LIBRARIES = YES;
				CODE_SIGN_STYLE = Automatic;
				CURRENT_PROJECT_VERSION = 1;
				GENERATE_INFOPLIST_FILE = YES;
				MARKETING_VERSION = 1.0;
				PRODUCT_BUNDLE_IDENTIFIER = NamNguyen.MoneyManagerUITests;
				PRODUCT_NAME = "$(TARGET_NAME)";
				SWIFT_EMIT_LOC_STRINGS = NO;
				SWIFT_VERSION = 5.0;
				TARGETED_DEVICE_FAMILY = "1,2";
				TEST_TARGET_NAME = MoneyManager;
			};
			name = Release;
		};
/* End XCBuildConfiguration section */

/* Begin XCConfigurationList section */
		1687AC5428056A43009F661B /* Build configuration list for PBXProject "MoneyManager" */ = {
			isa = XCConfigurationList;
			buildConfigurations = (
				1687AC7B28056A45009F661B /* Debug */,
				1687AC7C28056A45009F661B /* Release */,
			);
			defaultConfigurationIsVisible = 0;
			defaultConfigurationName = Release;
		};
		1687AC7D28056A45009F661B /* Build configuration list for PBXNativeTarget "MoneyManager" */ = {
			isa = XCConfigurationList;
			buildConfigurations = (
				1687AC7E28056A45009F661B /* Debug */,
				1687AC7F28056A45009F661B /* Release */,
			);
			defaultConfigurationIsVisible = 0;
			defaultConfigurationName = Release;
		};
		1687AC8028056A45009F661B /* Build configuration list for PBXNativeTarget "MoneyManagerTests" */ = {
			isa = XCConfigurationList;
			buildConfigurations = (
				1687AC8128056A45009F661B /* Debug */,
				1687AC8228056A45009F661B /* Release */,
			);
			defaultConfigurationIsVisible = 0;
			defaultConfigurationName = Release;
		};
		1687AC8328056A45009F661B /* Build configuration list for PBXNativeTarget "MoneyManagerUITests" */ = {
			isa = XCConfigurationList;
			buildConfigurations = (
				1687AC8428056A45009F661B /* Debug */,
				1687AC8528056A45009F661B /* Release */,
			);
			defaultConfigurationIsVisible = 0;
			defaultConfigurationName = Release;
		};
/* End XCConfigurationList section */
	};
	rootObject = 1687AC5128056A43009F661B /* Project object */;
}
